
Microsoft Visual Studio Solution File, Format Version 12.00
# Visual Studio Version 17
VisualStudioVersion = 17.9.34616.47
MinimumVisualStudioVersion = 10.0.40219.1
Project("{9A19103F-16F7-4668-BE54-9A1E7A4F7556}") = "Veloci21Game", "Veloci21Game\Veloci21Game.csproj", "{FBC1A1A2-6645-4F8C-9D5B-531CC065B3EC}"
EndProject
Global
	GlobalSection(SolutionConfigurationPlatforms) = preSolution
		Debug|Any CPU = Debug|Any CPU
		Release|Any CPU = Release|Any CPU
	EndGlobalSection
	GlobalSection(ProjectConfigurationPlatforms) = postSolution
		{FBC1A1A2-6645-4F8C-9D5B-531CC065B3EC}.Debug|Any CPU.ActiveCfg = Debug|Any CPU
		{FBC1A1A2-6645-4F8C-9D5B-531CC065B3EC}.Debug|Any CPU.Build.0 = Debug|Any CPU
		{FBC1A1A2-6645-4F8C-9D5B-531CC065B3EC}.Release|Any CPU.ActiveCfg = Release|Any CPU
		{FBC1A1A2-6645-4F8C-9D5B-531CC065B3EC}.Release|Any CPU.Build.0 = Release|Any CPU
	EndGlobalSection
	GlobalSection(SolutionProperties) = preSolution
		HideSolutionNode = FALSE
	EndGlobalSection
	GlobalSection(ExtensibilityGlobals) = postSolution
		SolutionGuid = {DF941C7C-1E5B-42EF-AFCD-B943718570E3}
	EndGlobalSection
EndGlobal
